
Microsoft Visual Studio Solution File, Format Version 12.00
# Visual Studio Version 16
VisualStudioVersion = 16.0.29009.5
MinimumVisualStudioVersion = 10.0.40219.1
Project("{FAE04EC0-301F-11D3-BF4B-00C04F79EFBC}") = "Proverocnaja_Rimitsen", "Proverocnaja_Rimitsen\Proverocnaja_Rimitsen.csproj", "{D414C62D-CB32-4A3E-85FC-BEFCF7796E1D}"
EndProject
Global
	GlobalSection(SolutionConfigurationPlatforms) = preSolution
		Debug|Any CPU = Debug|Any CPU
		Release|Any CPU = Release|Any CPU
	EndGlobalSection
	GlobalSection(ProjectConfigurationPlatforms) = postSolution
		{D414C62D-CB32-4A3E-85FC-BEFCF7796E1D}.Debug|Any CPU.ActiveCfg = Debug|Any CPU
		{D414C62D-CB32-4A3E-85FC-BEFCF7796E1D}.Debug|Any CPU.Build.0 = Debug|Any CPU
		{D414C62D-CB32-4A3E-85FC-BEFCF7796E1D}.Release|Any CPU.ActiveCfg = Release|Any CPU
		{D414C62D-CB32-4A3E-85FC-BEFCF7796E1D}.Release|Any CPU.Build.0 = Release|Any CPU
	EndGlobalSection
	GlobalSection(SolutionProperties) = preSolution
		HideSolutionNode = FALSE
	EndGlobalSection
	GlobalSection(ExtensibilityGlobals) = postSolution
		SolutionGuid = {CC9E6EFE-6502-4146-B24D-5735CC36C639}
	EndGlobalSection
EndGlobal
